lockfileVersion: '9.0'

settings:
  autoInstallPeers: true
  excludeLinksFromLockfile: false

importers:

  .:
    dependencies:
      worker-mailer:
        specifier: ^1.2.1
        version: 1.2.1

packages:

  worker-mailer@1.2.1:
    resolution: {integrity: sha512-gS2ei/mrpRqNs+AHmqxhT6vFPwCLw2qnz5ShmyGD0ULaU0Q9hxnFAcx9jhAip/MnD6+MjgnQu6hQQgA8mlOkVA==}

snapshots:

  worker-mailer@1.2.1: {}
